Microsoft Visual Studio Solution File, Format Version 12.00
# Visual Studio Version 17
VisualStudioVersion = 17.9.34310.174
MinimumVisualStudioVersion = 10.0.40219.1
Project("{2150E333-8FDC-42A3-9474-1A3956D46DE8}") = "src", "src", "{F2D31E46-FA2F-4D12-A17D-8BE9143D8FA7}"
EndProject
Project("{2150E333-8FDC-42A3-9474-1A3956D46DE8}") = "tests", "tests", "{05A142C9-ED63-48E7-8278-9440C4C7C69F}"
EndProject
Project("{9A19103F-16F7-4668-BE54-9A1E7A4F7556}") = "SmartFleets.Api", "src\SmartFleets.Api\SmartFleets.Api.csproj", "{B15801C2-5B2D-43CB-B9DD-8558F75E96D2}"
EndProject
Project("{9A19103F-16F7-4668-BE54-9A1E7A4F7556}") = "Ingestion.Api.UnitTests", "tests\Ingestion.Api.UnitTests\Ingestion.Api.UnitTests.csproj", "{475A2D52-C143-43C2-A422-E61E2592331B}"
EndProject
Project("{9A19103F-16F7-4668-BE54-9A1E7A4F7556}") = "Ingestion.Api.IntegrationTests", "tests\Ingestion.Api.IntegrationTests\Ingestion.Api.IntegrationTests.csproj", "{456DA223-5865-437C-858D-75A154E04F17}"
EndProject
Project("{2150E333-8FDC-42A3-9474-1A3956D46DE8}") = "Solution Items", "Solution Items", "{893363DE-5521-41AE-9227-9098230852EF}"
	ProjectSection(SolutionItems) = preProject
		.editorconfig = .editorconfig
		.github\workflows\dotnet.yml = .github\workflows\dotnet.yml
		README.md = README.md
	EndProjectSection
EndProject
Project("{9A19103F-16F7-4668-BE54-9A1E7A4F7556}") = "ServiceModels", "src\ServiceModels\ServiceModels.csproj", "{4EF38640-09DA-47A0-80DB-7489B05462E8}"
EndProject
Project("{9A19103F-16F7-4668-BE54-9A1E7A4F7556}") = "SmartFleets.Api.UnitTests", "tests\SmartFleets.Api.UnitTests\SmartFleets.Api.UnitTests.csproj", "{A3D463DE-4404-40C2-83CC-252CA8CA5483}"
EndProject
Project("{9A19103F-16F7-4668-BE54-9A1E7A4F7556}") = "SmartFleets.Api.IntegrationTests", "tests\SmartFleets.Api.IntegrationTests\SmartFleets.Api.IntegrationTests.csproj", "{293128B9-A698-4A61-BAA7-C40B41379F19}"
EndProject
Project("{9A19103F-16F7-4668-BE54-9A1E7A4F7556}") = "Ingestion.Api", "src\Ingestion.Api\Ingestion.Api.csproj", "{5C13DC03-EE69-49D9-ACE0-998DE15EBC72}"
EndProject
Project("{9A19103F-16F7-4668-BE54-9A1E7A4F7556}") = "SmartFleets.Infrastructure", "src\SmartFleets.Infrastructure\SmartFleets.Infrastructure.csproj", "{BF4877BA-B4C0-42CB-B208-F13091C31748}"
EndProject
Project("{9A19103F-16F7-4668-BE54-9A1E7A4F7556}") = "SmartFleets.Application", "src\SmartFleets.Application\SmartFleets.Application.csproj", "{E262E773-D18A-4E2B-94B2-6A104A428B59}"
EndProject
Project("{9A19103F-16F7-4668-BE54-9A1E7A4F7556}") = "SmartFleets.Domain", "src\SmartFleets.Domain\SmartFleets.Domain.csproj", "{2F241CF2-3353-42C3-B6D9-652067C221DC}"
EndProject
Project("{9A19103F-16F7-4668-BE54-9A1E7A4F7556}") = "SmartFleets.Application.UnitTests", "tests\SmartFleets.Application.UnitTests\SmartFleets.Application.UnitTests.csproj", "{5EAD7BEE-B2A9-4A9D-B1F5-3BD68E3B5B5B}"
EndProject
Project("{9A19103F-16F7-4668-BE54-9A1E7A4F7556}") = "SmartFleets.Infrastructure.UnitTests", "tests\SmartFleets.Infrastructure.UnitTests\SmartFleets.Infrastructure.UnitTests.csproj", "{22ED861A-131D-48B7-A9D0-B870507E0E79}"
EndProject
Project("{9A19103F-16F7-4668-BE54-9A1E7A4F7556}") = "SmartFleets.Domain.UnitTests", "tests\SmartFleets.Domain.UnitTests\SmartFleets.Domain.UnitTests.csproj", "{87782F7E-2FDF-4A34-A5D0-97447577E6D5}"
EndProject
Project("{9A19103F-16F7-4668-BE54-9A1E7A4F7556}") = "Ingestion.Grains.UnitTests", "tests\Ingestion.Grains.UnitTests\Ingestion.Grains.UnitTests.csproj", "{7A81F12A-783A-406A-B3C4-468C5E12E938}"
EndProject
Project("{9A19103F-16F7-4668-BE54-9A1E7A4F7556}") = "Ingestion.GrainInterfaces", "src\Ingestion.GrainInterfaces\Ingestion.GrainInterfaces.csproj", "{D1005E93-DE8D-4820-A50C-1CE3EFBA665F}"
EndProject
Project("{9A19103F-16F7-4668-BE54-9A1E7A4F7556}") = "Ingestion.Grains", "src\Ingestion.Grains\Ingestion.Grains.csproj", "{BE609D6A-923F-4A6F-91C4-0232801E106B}"
EndProject
Project("{9A19103F-16F7-4668-BE54-9A1E7A4F7556}") = "Ingestion.Silo", "src\Ingestion.Silo\Ingestion.Silo.csproj", "{06170EC3-4581-4BF5-B321-E4D2B4B2407F}"
EndProject
Project("{9A19103F-16F7-4668-BE54-9A1E7A4F7556}") = "SmartFleets.ServiceDefaults", "src\SmartFleets.ServiceDefaults\SmartFleets.ServiceDefaults.csproj", "{85D6DAB7-0DD6-4869-AABC-774FCB2E72BE}"
EndProject
Project("{9A19103F-16F7-4668-BE54-9A1E7A4F7556}") = "SmartFleets.AppHost", "src\SmartFleets.AppHost\SmartFleets.AppHost.csproj", "{2BBE6BD8-00A3-41E6-BC66-46B6590779D5}"
EndProject
Global
	GlobalSection(SolutionConfigurationPlatforms) = preSolution
		Debug|Any CPU = Debug|Any CPU
		Release|Any CPU = Release|Any CPU
	EndGlobalSection
	GlobalSection(ProjectConfigurationPlatforms) = postSolution
		{B15801C2-5B2D-43CB-B9DD-8558F75E96D2}.Debug|Any CPU.ActiveCfg = Debug|Any CPU
		{B15801C2-5B2D-43CB-B9DD-8558F75E96D2}.Debug|Any CPU.Build.0 = Debug|Any CPU
		{B15801C2-5B2D-43CB-B9DD-8558F75E96D2}.Release|Any CPU.ActiveCfg = Release|Any CPU
		{B15801C2-5B2D-43CB-B9DD-8558F75E96D2}.Release|Any CPU.Build.0 = Release|Any CPU
		{475A2D52-C143-43C2-A422-E61E2592331B}.Debug|Any CPU.ActiveCfg = Debug|Any CPU
		{475A2D52-C143-43C2-A422-E61E2592331B}.Debug|Any CPU.Build.0 = Debug|Any CPU
		{475A2D52-C143-43C2-A422-E61E2592331B}.Release|Any CPU.ActiveCfg = Release|Any CPU
		{475A2D52-C143-43C2-A422-E61E2592331B}.Release|Any CPU.Build.0 = Release|Any CPU
		{456DA223-5865-437C-858D-75A154E04F17}.Debug|Any CPU.ActiveCfg = Debug|Any CPU
		{456DA223-5865-437C-858D-75A154E04F17}.Debug|Any CPU.Build.0 = Debug|Any CPU
		{456DA223-5865-437C-858D-75A154E04F17}.Release|Any CPU.ActiveCfg = Release|Any CPU
		{456DA223-5865-437C-858D-75A154E04F17}.Release|Any CPU.Build.0 = Release|Any CPU
		{4EF38640-09DA-47A0-80DB-7489B05462E8}.Debug|Any CPU.ActiveCfg = Debug|Any CPU
		{4EF38640-09DA-47A0-80DB-7489B05462E8}.Debug|Any CPU.Build.0 = Debug|Any CPU
		{4EF38640-09DA-47A0-80DB-7489B05462E8}.Release|Any CPU.ActiveCfg = Release|Any CPU
		{4EF38640-09DA-47A0-80DB-7489B05462E8}.Release|Any CPU.Build.0 = Release|Any CPU
		{A3D463DE-4404-40C2-83CC-252CA8CA5483}.Debug|Any CPU.ActiveCfg = Debug|Any CPU
		{A3D463DE-4404-40C2-83CC-252CA8CA5483}.Debug|Any CPU.Build.0 = Debug|Any CPU
		{A3D463DE-4404-40C2-83CC-252CA8CA5483}.Release|Any CPU.ActiveCfg = Release|Any CPU
		{A3D463DE-4404-40C2-83CC-252CA8CA5483}.Release|Any CPU.Build.0 = Release|Any CPU
		{293128B9-A698-4A61-BAA7-C40B41379F19}.Debug|Any CPU.ActiveCfg = Debug|Any CPU
		{293128B9-A698-4A61-BAA7-C40B41379F19}.Debug|Any CPU.Build.0 = Debug|Any CPU
		{293128B9-A698-4A61-BAA7-C40B41379F19}.Release|Any CPU.ActiveCfg = Release|Any CPU
		{293128B9-A698-4A61-BAA7-C40B41379F19}.Release|Any CPU.Build.0 = Release|Any CPU
		{5C13DC03-EE69-49D9-ACE0-998DE15EBC72}.Debug|Any CPU.ActiveCfg = Debug|Any CPU
		{5C13DC03-EE69-49D9-ACE0-998DE15EBC72}.Debug|Any CPU.Build.0 = Debug|Any CPU
		{5C13DC03-EE69-49D9-ACE0-998DE15EBC72}.Release|Any CPU.ActiveCfg = Release|Any CPU
		{5C13DC03-EE69-49D9-ACE0-998DE15EBC72}.Release|Any CPU.Build.0 = Release|Any CPU
		{BF4877BA-B4C0-42CB-B208-F13091C31748}.Debug|Any CPU.ActiveCfg = Debug|Any CPU
		{BF4877BA-B4C0-42CB-B208-F13091C31748}.Debug|Any CPU.Build.0 = Debug|Any CPU
		{BF4877BA-B4C0-42CB-B208-F13091C31748}.Release|Any CPU.ActiveCfg = Release|Any CPU
		{BF4877BA-B4C0-42CB-B208-F13091C31748}.Release|Any CPU.Build.0 = Release|Any CPU
		{E262E773-D18A-4E2B-94B2-6A104A428B59}.Debug|Any CPU.ActiveCfg = Debug|Any CPU
		{E262E773-D18A-4E2B-94B2-6A104A428B59}.Debug|Any CPU.Build.0 = Debug|Any CPU
		{E262E773-D18A-4E2B-94B2-6A104A428B59}.Release|Any CPU.ActiveCfg = Release|Any CPU
		{E262E773-D18A-4E2B-94B2-6A104A428B59}.Release|Any CPU.Build.0 = Release|Any CPU
		{2F241CF2-3353-42C3-B6D9-652067C221DC}.Debug|Any CPU.ActiveCfg = Debug|Any CPU
		{2F241CF2-3353-42C3-B6D9-652067C221DC}.Debug|Any CPU.Build.0 = Debug|Any CPU
		{2F241CF2-3353-42C3-B6D9-652067C221DC}.Release|Any CPU.ActiveCfg = Release|Any CPU
		{2F241CF2-3353-42C3-B6D9-652067C221DC}.Release|Any CPU.Build.0 = Release|Any CPU
		{5EAD7BEE-B2A9-4A9D-B1F5-3BD68E3B5B5B}.Debug|Any CPU.ActiveCfg = Debug|Any CPU
		{5EAD7BEE-B2A9-4A9D-B1F5-3BD68E3B5B5B}.Debug|Any CPU.Build.0 = Debug|Any CPU
		{5EAD7BEE-B2A9-4A9D-B1F5-3BD68E3B5B5B}.Release|Any CPU.ActiveCfg = Release|Any CPU
		{5EAD7BEE-B2A9-4A9D-B1F5-3BD68E3B5B5B}.Release|Any CPU.Build.0 = Release|Any CPU
		{22ED861A-131D-48B7-A9D0-B870507E0E79}.Debug|Any CPU.ActiveCfg = Debug|Any CPU
		{22ED861A-131D-48B7-A9D0-B870507E0E79}.Debug|Any CPU.Build.0 = Debug|Any CPU
		{22ED861A-131D-48B7-A9D0-B870507E0E79}.Release|Any CPU.ActiveCfg = Release|Any CPU
		{22ED861A-131D-48B7-A9D0-B870507E0E79}.Release|Any CPU.Build.0 = Release|Any CPU
		{87782F7E-2FDF-4A34-A5D0-97447577E6D5}.Debug|Any CPU.ActiveCfg = Debug|Any CPU
		{87782F7E-2FDF-4A34-A5D0-97447577E6D5}.Debug|Any CPU.Build.0 = Debug|Any CPU
		{87782F7E-2FDF-4A34-A5D0-97447577E6D5}.Release|Any CPU.ActiveCfg = Release|Any CPU
		{87782F7E-2FDF-4A34-A5D0-97447577E6D5}.Release|Any CPU.Build.0 = Release|Any CPU
		{7A81F12A-783A-406A-B3C4-468C5E12E938}.Debug|Any CPU.ActiveCfg = Debug|Any CPU
		{7A81F12A-783A-406A-B3C4-468C5E12E938}.Debug|Any CPU.Build.0 = Debug|Any CPU
		{7A81F12A-783A-406A-B3C4-468C5E12E938}.Release|Any CPU.ActiveCfg = Release|Any CPU
		{7A81F12A-783A-406A-B3C4-468C5E12E938}.Release|Any CPU.Build.0 = Release|Any CPU
		{D1005E93-DE8D-4820-A50C-1CE3EFBA665F}.Debug|Any CPU.ActiveCfg = Debug|Any CPU
		{D1005E93-DE8D-4820-A50C-1CE3EFBA665F}.Debug|Any CPU.Build.0 = Debug|Any CPU
		{D1005E93-DE8D-4820-A50C-1CE3EFBA665F}.Release|Any CPU.ActiveCfg = Release|Any CPU
		{D1005E93-DE8D-4820-A50C-1CE3EFBA665F}.Release|Any CPU.Build.0 = Release|Any CPU
		{BE609D6A-923F-4A6F-91C4-0232801E106B}.Debug|Any CPU.ActiveCfg = Debug|Any CPU
		{BE609D6A-923F-4A6F-91C4-0232801E106B}.Debug|Any CPU.Build.0 = Debug|Any CPU
		{BE609D6A-923F-4A6F-91C4-0232801E106B}.Release|Any CPU.ActiveCfg = Release|Any CPU
		{BE609D6A-923F-4A6F-91C4-0232801E106B}.Release|Any CPU.Build.0 = Release|Any CPU
		{06170EC3-4581-4BF5-B321-E4D2B4B2407F}.Debug|Any CPU.ActiveCfg = Debug|Any CPU
		{06170EC3-4581-4BF5-B321-E4D2B4B2407F}.Debug|Any CPU.Build.0 = Debug|Any CPU
		{06170EC3-4581-4BF5-B321-E4D2B4B2407F}.Release|Any CPU.ActiveCfg = Release|Any CPU
		{06170EC3-4581-4BF5-B321-E4D2B4B2407F}.Release|Any CPU.Build.0 = Release|Any CPU
		{85D6DAB7-0DD6-4869-AABC-774FCB2E72BE}.Debug|Any CPU.ActiveCfg = Debug|Any CPU
		{85D6DAB7-0DD6-4869-AABC-774FCB2E72BE}.Debug|Any CPU.Build.0 = Debug|Any CPU
		{85D6DAB7-0DD6-4869-AABC-774FCB2E72BE}.Release|Any CPU.ActiveCfg = Release|Any CPU
		{85D6DAB7-0DD6-4869-AABC-774FCB2E72BE}.Release|Any CPU.Build.0 = Release|Any CPU
		{2BBE6BD8-00A3-41E6-BC66-46B6590779D5}.Debug|Any CPU.ActiveCfg = Debug|Any CPU
		{2BBE6BD8-00A3-41E6-BC66-46B6590779D5}.Debug|Any CPU.Build.0 = Debug|Any CPU
		{2BBE6BD8-00A3-41E6-BC66-46B6590779D5}.Release|Any CPU.ActiveCfg = Release|Any CPU
		{2BBE6BD8-00A3-41E6-BC66-46B6590779D5}.Release|Any CPU.Build.0 = Release|Any CPU
	EndGlobalSection
	GlobalSection(SolutionProperties) = preSolution
		HideSolutionNode = FALSE
	EndGlobalSection
	GlobalSection(NestedProjects) = preSolution
		{B15801C2-5B2D-43CB-B9DD-8558F75E96D2} = {F2D31E46-FA2F-4D12-A17D-8BE9143D8FA7}
		{475A2D52-C143-43C2-A422-E61E2592331B} = {05A142C9-ED63-48E7-8278-9440C4C7C69F}
		{456DA223-5865-437C-858D-75A154E04F17} = {05A142C9-ED63-48E7-8278-9440C4C7C69F}
		{4EF38640-09DA-47A0-80DB-7489B05462E8} = {F2D31E46-FA2F-4D12-A17D-8BE9143D8FA7}
		{A3D463DE-4404-40C2-83CC-252CA8CA5483} = {05A142C9-ED63-48E7-8278-9440C4C7C69F}
		{293128B9-A698-4A61-BAA7-C40B41379F19} = {05A142C9-ED63-48E7-8278-9440C4C7C69F}
		{5C13DC03-EE69-49D9-ACE0-998DE15EBC72} = {F2D31E46-FA2F-4D12-A17D-8BE9143D8FA7}
		{BF4877BA-B4C0-42CB-B208-F13091C31748} = {F2D31E46-FA2F-4D12-A17D-8BE9143D8FA7}
		{E262E773-D18A-4E2B-94B2-6A104A428B59} = {F2D31E46-FA2F-4D12-A17D-8BE9143D8FA7}
		{2F241CF2-3353-42C3-B6D9-652067C221DC} = {F2D31E46-FA2F-4D12-A17D-8BE9143D8FA7}
		{5EAD7BEE-B2A9-4A9D-B1F5-3BD68E3B5B5B} = {05A142C9-ED63-48E7-8278-9440C4C7C69F}
		{22ED861A-131D-48B7-A9D0-B870507E0E79} = {05A142C9-ED63-48E7-8278-9440C4C7C69F}
		{87782F7E-2FDF-4A34-A5D0-97447577E6D5} = {05A142C9-ED63-48E7-8278-9440C4C7C69F}
		{7A81F12A-783A-406A-B3C4-468C5E12E938} = {05A142C9-ED63-48E7-8278-9440C4C7C69F}
		{D1005E93-DE8D-4820-A50C-1CE3EFBA665F} = {F2D31E46-FA2F-4D12-A17D-8BE9143D8FA7}
		{BE609D6A-923F-4A6F-91C4-0232801E106B} = {F2D31E46-FA2F-4D12-A17D-8BE9143D8FA7}
		{06170EC3-4581-4BF5-B321-E4D2B4B2407F} = {F2D31E46-FA2F-4D12-A17D-8BE9143D8FA7}
		{85D6DAB7-0DD6-4869-AABC-774FCB2E72BE} = {F2D31E46-FA2F-4D12-A17D-8BE9143D8FA7}
		{2BBE6BD8-00A3-41E6-BC66-46B6590779D5} = {F2D31E46-FA2F-4D12-A17D-8BE9143D8FA7}
	EndGlobalSection
	GlobalSection(ExtensibilityGlobals) = postSolution
		SolutionGuid = {0A945F5D-56C9-4D1D-8462-2E291C17B6F3}
	EndGlobalSection
EndGlobal
